{
  "name": "matcalc",
  "version": "1.0.0",
  "lockfileVersion": 1,
  "requires": true,
  "dependencies": {
    "@vuepress/plugin-back-to-top": {
      "version": "1.7.1",
      "resolved": "https://registry.npmjs.org/@vuepress/plugin-back-to-top/-/plugin-back-to-top-1.7.1.tgz",
      "integrity": "sha512-Hw/5kQjqtkHEstifcq4gpdVwS38C3ecruLCUibq3YEES6DJUYZ8tN1oo3FTugYgpXsyn3HxWftyalozcZ2IutA==",
      "dev": true,
      "requires": {
        "lodash.debounce": "^4.0.8"
      }
    },
    "colors": {
      "version": "1.4.0",
      "resolved": "https://registry.npmjs.org/colors/-/colors-1.4.0.tgz",
      "integrity": "sha512-a+UqTh4kgZg/SlGvfbzDHpgRu7AAQOmmqRHJnxhRZICKFUT91brVhNNt58CMWU9PsBbv3PDCZUHbVxuDiH2mtA==",
      "dev": true
    },
    "lodash.debounce": {
      "version": "4.0.8",
      "resolved": "https://registry.npmjs.org/lodash.debounce/-/lodash.debounce-4.0.8.tgz",
      "integrity": "sha1-gteb/zCmfEAF/9XiUVMArZyk168=",
      "dev": true
    },
    "moment": {
      "version": "2.29.1",
      "resolved": "https://registry.npmjs.org/moment/-/moment-2.29.1.tgz",
      "integrity": "sha512-kHmoybcPV8Sqy59DwNDY3Jefr64lK/by/da0ViFcuA4DH0vQg5Q6Ze5VimxkfQNSC+Mls/Kx53s7TjP1RhFEDQ==",
      "dev": true
    },
    "vuepress-plugin-auto-sidebar": {
      "version": "1.5.0",
      "resolved": "https://registry.npmjs.org/vuepress-plugin-auto-sidebar/-/vuepress-plugin-auto-sidebar-1.5.0.tgz",
      "integrity": "sha512-PsF+XRWBZw+xbh/4IzTw6VbM4PoMhEMemHgK+c1Lmf7+9Fq3FK/iB4/P6Bp3VmlY+GenJ95MtwKK0BRjuK4RCQ==",
      "dev": true,
      "requires": {
        "colors": "^1.4.0"
      }
    }
  }
}
